
Microsoft Visual Studio Solution File, Format Version 12.00
# Visual Studio Version 17
VisualStudioVersion = 17.13.35931.197
MinimumVisualStudioVersion = 10.0.40219.1
Project("{FAE04EC0-301F-11D3-BF4B-00C04F79EFBC}") = "ConsoleApp1", "ConsoleApp1\ConsoleApp1.csproj", "{BA2BBF56-9B74-4C2E-812D-B906F1DE39BF}"
EndProject
Project("{FAE04EC0-301F-11D3-BF4B-00C04F79EFBC}") = "ConsoleApp2", "ConsoleApp2\ConsoleApp2.csproj", "{AEAA81DA-D28B-4B64-A4BD-82D2A9F93DEC}"
EndProject
Project("{FAE04EC0-301F-11D3-BF4B-00C04F79EFBC}") = "WinFormsApp1", "WinFormsApp1\WinFormsApp1.csproj", "{E696908B-2B12-4225-B289-0FC0A8457946}"
EndProject
Project("{FAE04EC0-301F-11D3-BF4B-00C04F79EFBC}") = "Student", "Student\Student.csproj", "{E4E8ABD0-44E4-457E-9B06-995C07079B36}"
EndProject
Project("{FAE04EC0-301F-11D3-BF4B-00C04F79EFBC}") = "ConsoleApp3", "ConsoleApp3\ConsoleApp3.csproj", "{EE333A11-DB20-41D3-8139-D5C09769CC13}"
EndProject
Project("{FAE04EC0-301F-11D3-BF4B-00C04F79EFBC}") = "ConsoleApp4", "ConsoleApp4\ConsoleApp4.csproj", "{4EEB002A-7BF8-49BC-A852-209FBE0C42FA}"
EndProject
Project("{FAE04EC0-301F-11D3-BF4B-00C04F79EFBC}") = "WinFormsApp2", "WinFormsApp2\WinFormsApp2.csproj", "{14E8B754-1CA6-49E2-9F3E-9CD6AB3D0A29}"
EndProject
Project("{FAE04EC0-301F-11D3-BF4B-00C04F79EFBC}") = "ConsoleApp5", "ConsoleApp5\ConsoleApp5.csproj", "{DA3B41CE-5B53-4EA8-8FBC-DF6B74695AA1}"
EndProject
Project("{FAE04EC0-301F-11D3-BF4B-00C04F79EFBC}") = "ConsoleApp6", "ConsoleApp6\ConsoleApp6.csproj", "{EADE50CB-ADE3-494A-A558-8E1F32276957}"
EndProject
Project("{FAE04EC0-301F-11D3-BF4B-00C04F79EFBC}") = "ConsoleApp7", "ConsoleApp7\ConsoleApp7.csproj", "{AE8A7EEF-61AE-43D6-A7A8-C3B17F2C03F3}"
EndProject
Project("{FAE04EC0-301F-11D3-BF4B-00C04F79EFBC}") = "ConsoleApp8", "ConsoleApp8\ConsoleApp8.csproj", "{33346676-3107-4BB4-BE26-EA99AA148BF3}"
EndProject
Project("{FAE04EC0-301F-11D3-BF4B-00C04F79EFBC}") = "ConsoleApp9", "ConsoleApp9\ConsoleApp9.csproj", "{CA6A13F8-4D61-4A25-9545-CBD058B33264}"
EndProject
Project("{FAE04EC0-301F-11D3-BF4B-00C04F79EFBC}") = "ConsoleApp10", "ConsoleApp10\ConsoleApp10.csproj", "{D8A2BB4D-3A0E-44F2-B797-18352A233B9A}"
EndProject
Project("{FAE04EC0-301F-11D3-BF4B-00C04F79EFBC}") = "ConsoleApp11", "ConsoleApp11\ConsoleApp11.csproj", "{466ADFB8-7569-47EF-846A-9B6525183169}"
EndProject
Project("{FAE04EC0-301F-11D3-BF4B-00C04F79EFBC}") = "WindowsFormsApp1", "WindowsFormsApp1\WindowsFormsApp1.csproj", "{9B35EE57-FEBB-4D0A-A509-296306807DB0}"
EndProject
Global
	GlobalSection(SolutionConfigurationPlatforms) = preSolution
		Debug|Any CPU = Debug|Any CPU
		Release|Any CPU = Release|Any CPU
	EndGlobalSection
	GlobalSection(ProjectConfigurationPlatforms) = postSolution
		{BA2BBF56-9B74-4C2E-812D-B906F1DE39BF}.Debug|Any CPU.ActiveCfg = Debug|Any CPU
		{BA2BBF56-9B74-4C2E-812D-B906F1DE39BF}.Debug|Any CPU.Build.0 = Debug|Any CPU
		{BA2BBF56-9B74-4C2E-812D-B906F1DE39BF}.Release|Any CPU.ActiveCfg = Release|Any CPU
		{BA2BBF56-9B74-4C2E-812D-B906F1DE39BF}.Release|Any CPU.Build.0 = Release|Any CPU
		{AEAA81DA-D28B-4B64-A4BD-82D2A9F93DEC}.Debug|Any CPU.ActiveCfg = Debug|Any CPU
		{AEAA81DA-D28B-4B64-A4BD-82D2A9F93DEC}.Debug|Any CPU.Build.0 = Debug|Any CPU
		{AEAA81DA-D28B-4B64-A4BD-82D2A9F93DEC}.Release|Any CPU.ActiveCfg = Release|Any CPU
		{AEAA81DA-D28B-4B64-A4BD-82D2A9F93DEC}.Release|Any CPU.Build.0 = Release|Any CPU
		{E696908B-2B12-4225-B289-0FC0A8457946}.Debug|Any CPU.ActiveCfg = Debug|Any CPU
		{E696908B-2B12-4225-B289-0FC0A8457946}.Debug|Any CPU.Build.0 = Debug|Any CPU
		{E696908B-2B12-4225-B289-0FC0A8457946}.Release|Any CPU.ActiveCfg = Release|Any CPU
		{E696908B-2B12-4225-B289-0FC0A8457946}.Release|Any CPU.Build.0 = Release|Any CPU
		{E4E8ABD0-44E4-457E-9B06-995C07079B36}.Debug|Any CPU.ActiveCfg = Debug|Any CPU
		{E4E8ABD0-44E4-457E-9B06-995C07079B36}.Debug|Any CPU.Build.0 = Debug|Any CPU
		{E4E8ABD0-44E4-457E-9B06-995C07079B36}.Release|Any CPU.ActiveCfg = Release|Any CPU
		{E4E8ABD0-44E4-457E-9B06-995C07079B36}.Release|Any CPU.Build.0 = Release|Any CPU
		{EE333A11-DB20-41D3-8139-D5C09769CC13}.Debug|Any CPU.ActiveCfg = Debug|Any CPU
		{EE333A11-DB20-41D3-8139-D5C09769CC13}.Debug|Any CPU.Build.0 = Debug|Any CPU
		{EE333A11-DB20-41D3-8139-D5C09769CC13}.Release|Any CPU.ActiveCfg = Release|Any CPU
		{EE333A11-DB20-41D3-8139-D5C09769CC13}.Release|Any CPU.Build.0 = Release|Any CPU
		{4EEB002A-7BF8-49BC-A852-209FBE0C42FA}.Debug|Any CPU.ActiveCfg = Debug|Any CPU
		{4EEB002A-7BF8-49BC-A852-209FBE0C42FA}.Debug|Any CPU.Build.0 = Debug|Any CPU
		{4EEB002A-7BF8-49BC-A852-209FBE0C42FA}.Release|Any CPU.ActiveCfg = Release|Any CPU
		{4EEB002A-7BF8-49BC-A852-209FBE0C42FA}.Release|Any CPU.Build.0 = Release|Any CPU
		{14E8B754-1CA6-49E2-9F3E-9CD6AB3D0A29}.Debug|Any CPU.ActiveCfg = Debug|Any CPU
		{14E8B754-1CA6-49E2-9F3E-9CD6AB3D0A29}.Debug|Any CPU.Build.0 = Debug|Any CPU
		{14E8B754-1CA6-49E2-9F3E-9CD6AB3D0A29}.Release|Any CPU.ActiveCfg = Release|Any CPU
		{14E8B754-1CA6-49E2-9F3E-9CD6AB3D0A29}.Release|Any CPU.Build.0 = Release|Any CPU
		{DA3B41CE-5B53-4EA8-8FBC-DF6B74695AA1}.Debug|Any CPU.ActiveCfg = Debug|Any CPU
		{DA3B41CE-5B53-4EA8-8FBC-DF6B74695AA1}.Debug|Any CPU.Build.0 = Debug|Any CPU
		{DA3B41CE-5B53-4EA8-8FBC-DF6B74695AA1}.Release|Any CPU.ActiveCfg = Release|Any CPU
		{DA3B41CE-5B53-4EA8-8FBC-DF6B74695AA1}.Release|Any CPU.Build.0 = Release|Any CPU
		{EADE50CB-ADE3-494A-A558-8E1F32276957}.Debug|Any CPU.ActiveCfg = Debug|Any CPU
		{EADE50CB-ADE3-494A-A558-8E1F32276957}.Debug|Any CPU.Build.0 = Debug|Any CPU
		{EADE50CB-ADE3-494A-A558-8E1F32276957}.Release|Any CPU.ActiveCfg = Release|Any CPU
		{EADE50CB-ADE3-494A-A558-8E1F32276957}.Release|Any CPU.Build.0 = Release|Any CPU
		{AE8A7EEF-61AE-43D6-A7A8-C3B17F2C03F3}.Debug|Any CPU.ActiveCfg = Debug|Any CPU
		{AE8A7EEF-61AE-43D6-A7A8-C3B17F2C03F3}.Debug|Any CPU.Build.0 = Debug|Any CPU
		{AE8A7EEF-61AE-43D6-A7A8-C3B17F2C03F3}.Release|Any CPU.ActiveCfg = Release|Any CPU
		{AE8A7EEF-61AE-43D6-A7A8-C3B17F2C03F3}.Release|Any CPU.Build.0 = Release|Any CPU
		{33346676-3107-4BB4-BE26-EA99AA148BF3}.Debug|Any CPU.ActiveCfg = Debug|Any CPU
		{33346676-3107-4BB4-BE26-EA99AA148BF3}.Debug|Any CPU.Build.0 = Debug|Any CPU
		{33346676-3107-4BB4-BE26-EA99AA148BF3}.Release|Any CPU.ActiveCfg = Release|Any CPU
		{33346676-3107-4BB4-BE26-EA99AA148BF3}.Release|Any CPU.Build.0 = Release|Any CPU
		{CA6A13F8-4D61-4A25-9545-CBD058B33264}.Debug|Any CPU.ActiveCfg = Debug|Any CPU
		{CA6A13F8-4D61-4A25-9545-CBD058B33264}.Debug|Any CPU.Build.0 = Debug|Any CPU
		{CA6A13F8-4D61-4A25-9545-CBD058B33264}.Release|Any CPU.ActiveCfg = Release|Any CPU
		{CA6A13F8-4D61-4A25-9545-CBD058B33264}.Release|Any CPU.Build.0 = Release|Any CPU
		{D8A2BB4D-3A0E-44F2-B797-18352A233B9A}.Debug|Any CPU.ActiveCfg = Debug|Any CPU
		{D8A2BB4D-3A0E-44F2-B797-18352A233B9A}.Debug|Any CPU.Build.0 = Debug|Any CPU
		{D8A2BB4D-3A0E-44F2-B797-18352A233B9A}.Release|Any CPU.ActiveCfg = Release|Any CPU
		{D8A2BB4D-3A0E-44F2-B797-18352A233B9A}.Release|Any CPU.Build.0 = Release|Any CPU
		{466ADFB8-7569-47EF-846A-9B6525183169}.Debug|Any CPU.ActiveCfg = Debug|Any CPU
		{466ADFB8-7569-47EF-846A-9B6525183169}.Debug|Any CPU.Build.0 = Debug|Any CPU
		{466ADFB8-7569-47EF-846A-9B6525183169}.Release|Any CPU.ActiveCfg = Release|Any CPU
		{466ADFB8-7569-47EF-846A-9B6525183169}.Release|Any CPU.Build.0 = Release|Any CPU
		{9B35EE57-FEBB-4D0A-A509-296306807DB0}.Debug|Any CPU.ActiveCfg = Debug|Any CPU
		{9B35EE57-FEBB-4D0A-A509-296306807DB0}.Debug|Any CPU.Build.0 = Debug|Any CPU
		{9B35EE57-FEBB-4D0A-A509-296306807DB0}.Release|Any CPU.ActiveCfg = Release|Any CPU
		{9B35EE57-FEBB-4D0A-A509-296306807DB0}.Release|Any CPU.Build.0 = Release|Any CPU
	EndGlobalSection
	GlobalSection(SolutionProperties) = preSolution
		HideSolutionNode = FALSE
	EndGlobalSection
	GlobalSection(ExtensibilityGlobals) = postSolution
		SolutionGuid = {B3BCE873-75A1-4CC6-952A-2072A8EF7E97}
	EndGlobalSection
EndGlobal
